{
  "name": "publishing-workspaces-test",
  "version": "1.3.14",
  "lockfileVersion": 3,
  "requires": true,
  "packages": {
    "": {
      "name": "publishing-workspaces-test",
      "version": "1.3.14",
      "license": "ISC",
      "workspaces": [
        "packages/*"
      ],
      "bin": {
        "publishing-workspaces-test": "bin/run.js"
      }
    },
    "node_modules/@me/app": {
      "resolved": "packages/app",
      "link": true
    },
    "node_modules/@me/server": {
      "resolved": "packages/server",
      "link": true
    },
    "packages/app": {
      "name": "@me/app",
      "version": "1.0.0",
      "license": "ISC",
      "dependencies": {
        "@me/server": "file:packages/server"
      }
    },
    "packages/app/node_modules/@me/server": {
      "resolved": "packages/app/packages/server",
      "link": true
    },
    "packages/app/packages/server": {},
    "packages/server": {
      "name": "@me/server",
      "version": "1.0.0",
      "license": "ISC"
    }
  }
}
